
Microsoft Visual Studio Solution File, Format Version 11.00
# Visual Studio 2010
Project("{FAE04EC0-301F-11D3-BF4B-00C04F79EFBC}") = "PRSErrorMonitor", "PRSErrorMonitor\PRSErrorMonitor.csproj", "{10ACD07A-4262-4D1E-9E31-471306EB8245}"
EndProject
Project("{FAE04EC0-301F-11D3-BF4B-00C04F79EFBC}") = "PRSErrorMonitorTests", "PRSErrorMonitorTests\PRSErrorMonitorTests.csproj", "{54C39438-A138-44C1-AC05-69C705A74351}"
EndProject
Project("{2150E333-8FDC-42A3-9474-1A3956D46DE8}") = "Solution Items", "Solution Items", "{5D212146-0769-4AC2-904F-7EF1E1320135}"
	ProjectSection(SolutionItems) = preProject
		Local.testsettings = Local.testsettings
		PRSErrorMonitor.vsmdi = PRSErrorMonitor.vsmdi
		TraceAndTestImpact.testsettings = TraceAndTestImpact.testsettings
	EndProjectSection
EndProject
Global
	GlobalSection(TestCaseManagementSettings) = postSolution
		CategoryFile = PRSErrorMonitor.vsmdi
	EndGlobalSection
	GlobalSection(SolutionConfigurationPlatforms) = preSolution
		Debug|Any CPU = Debug|Any CPU
		Debug|Mixed Platforms = Debug|Mixed Platforms
		Debug|x86 = Debug|x86
		Release|Any CPU = Release|Any CPU
		Release|Mixed Platforms = Release|Mixed Platforms
		Release|x86 = Release|x86
	EndGlobalSection
	GlobalSection(ProjectConfigurationPlatforms) = postSolution
		{10ACD07A-4262-4D1E-9E31-471306EB8245}.Debug|Any CPU.ActiveCfg = Debug|x86
		{10ACD07A-4262-4D1E-9E31-471306EB8245}.Debug|Mixed Platforms.ActiveCfg = Debug|x86
		{10ACD07A-4262-4D1E-9E31-471306EB8245}.Debug|Mixed Platforms.Build.0 = Debug|x86
		{10ACD07A-4262-4D1E-9E31-471306EB8245}.Debug|x86.ActiveCfg = Debug|x86
		{10ACD07A-4262-4D1E-9E31-471306EB8245}.Debug|x86.Build.0 = Debug|x86
		{10ACD07A-4262-4D1E-9E31-471306EB8245}.Release|Any CPU.ActiveCfg = Release|x86
		{10ACD07A-4262-4D1E-9E31-471306EB8245}.Release|Mixed Platforms.ActiveCfg = Release|x86
		{10ACD07A-4262-4D1E-9E31-471306EB8245}.Release|Mixed Platforms.Build.0 = Release|x86
		{10ACD07A-4262-4D1E-9E31-471306EB8245}.Release|x86.ActiveCfg = Release|x86
		{10ACD07A-4262-4D1E-9E31-471306EB8245}.Release|x86.Build.0 = Release|x86
		{54C39438-A138-44C1-AC05-69C705A74351}.Debug|Any CPU.ActiveCfg = Debug|Any CPU
		{54C39438-A138-44C1-AC05-69C705A74351}.Debug|Any CPU.Build.0 = Debug|Any CPU
		{54C39438-A138-44C1-AC05-69C705A74351}.Debug|Mixed Platforms.ActiveCfg = Debug|Any CPU
		{54C39438-A138-44C1-AC05-69C705A74351}.Debug|Mixed Platforms.Build.0 = Debug|Any CPU
		{54C39438-A138-44C1-AC05-69C705A74351}.Debug|x86.ActiveCfg = Debug|Any CPU
		{54C39438-A138-44C1-AC05-69C705A74351}.Release|Any CPU.ActiveCfg = Release|Any CPU
		{54C39438-A138-44C1-AC05-69C705A74351}.Release|Any CPU.Build.0 = Release|Any CPU
		{54C39438-A138-44C1-AC05-69C705A74351}.Release|Mixed Platforms.ActiveCfg = Release|Any CPU
		{54C39438-A138-44C1-AC05-69C705A74351}.Release|Mixed Platforms.Build.0 = Release|Any CPU
		{54C39438-A138-44C1-AC05-69C705A74351}.Release|x86.ActiveCfg = Release|Any CPU
	EndGlobalSection
	GlobalSection(SolutionProperties) = preSolution
		HideSolutionNode = FALSE
	EndGlobalSection
EndGlobal
